// !$*UTF8*$!
{
	archiveVersion = 1;
	classes = {
	};
	objectVersion = 56;
	objects = {

/* Begin PBXBuildFile section */
		185FB1822D96A1DB0038890E /* EcommerceAppApp.swift in Sources */ = {isa = PBXBuildFile; fileRef = 185FB1812D96A1DB0038890E /* EcommerceAppApp.swift */; };
		185FB1842D96A1DB0038890E /* ContentView.swift in Sources */ = {isa = PBXBuildFile; fileRef = 185FB1832D96A1DB0038890E /* ContentView.swift */; };
		185FB1862D96A1DF0038890E /* Assets.xcassets in Resources */ = {isa = PBXBuildFile; fileRef = 185FB1852D96A1DF0038890E /* Assets.xcassets */; };
		185FB1892D96A1DF0038890E /* Preview Assets.xcassets in Resources */ = {isa = PBXBuildFile; fileRef = 185FB1882D96A1DF0038890E /* Preview Assets.xcassets */; };
		185FB1932D96A1E00038890E /* EcommerceAppTests.swift in Sources */ = {isa = PBXBuildFile; fileRef = 185FB1922D96A1E00038890E /* EcommerceAppTests.swift */; };
		185FB19D2D96A1E00038890E /* EcommerceAppUITests.swift in Sources */ = {isa = PBXBuildFile; fileRef = 185FB19C2D96A1E00038890E /* EcommerceAppUITests.swift */; };
		185FB19F2D96A1E00038890E /* EcommerceAppUITestsLaunchTests.swift in Sources */ = {isa = PBXBuildFile; fileRef = 185FB19E2D96A1E00038890E /* EcommerceAppUITestsLaunchTests.swift */; };
/* End PBXBuildFile section */

/* Begin PBXContainerItemProxy section */
		185FB18F2D96A1E00038890E /* PBXContainerItemProxy */ = {
			isa = PBXContainerItemProxy;
			containerPortal = 185FB1762D96A1DB0038890E /* Project object */;
			proxyType = 1;
			remoteGlobalIDString = 185FB17D2D96A1DB0038890E;
			remoteInfo = EcommerceApp;
		};
		185FB1992D96A1E00038890E /* PBXContainerItemProxy */ = {
			isa = PBXContainerItemProxy;
			containerPortal = 185FB1762D96A1DB0038890E /* Project object */;
			proxyType = 1;
			remoteGlobalIDString = 185FB17D2D96A1DB0038890E;
			remoteInfo = EcommerceApp;
		};
/* End PBXContainerItemProxy section */

/* Begin PBXFileReference section */
		185FB17E2D96A1DB0038890E /* EcommerceApp.app */ = {isa = PBXFileReference; explicitFileType = wrapper.application; includeInIndex = 0; path = EcommerceApp.app; sourceTree = BUILT_PRODUCTS_DIR; };
		185FB1812D96A1DB0038890E /* EcommerceAppApp.swift */ = {isa = PBXFileReference; lastKnownFileType = sourcecode.swift; path = EcommerceAppApp.swift; sourceTree = "<group>"; };
		185FB1832D96A1DB0038890E /* ContentView.swift */ = {isa = PBXFileReference; lastKnownFileType = sourcecode.swift; path = ContentView.swift; sourceTree = "<group>"; };
		185FB1852D96A1DF0038890E /* Assets.xcassets */ = {isa = PBXFileReference; lastKnownFileType = folder.assetcatalog; path = Assets.xcassets; sourceTree = "<group>"; };
		185FB1882D96A1DF0038890E /* Preview Assets.xcassets */ = {isa = PBXFileReference; lastKnownFileType = folder.assetcatalog; path = "Preview Assets.xcassets"; sourceTree = "<group>"; };
		185FB18E2D96A1E00038890E /* EcommerceAppTests.xctest */ = {isa = PBXFileReference; explicitFileType = wrapper.cfbundle; includeInIndex = 0; path = EcommerceAppTests.xctest; sourceTree = BUILT_PRODUCTS_DIR; };
		185FB1922D96A1E00038890E /* EcommerceAppTests.swift */ = {isa = PBXFileReference; lastKnownFileType = sourcecode.swift; path = EcommerceAppTests.swift; sourceTree = "<group>"; };
		185FB1982D96A1E00038890E /* EcommerceAppUITests.xctest */ = {isa = PBXFileReference; explicitFileType = wrapper.cfbundle; includeInIndex = 0; path = EcommerceAppUITests.xctest; sourceTree = BUILT_PRODUCTS_DIR; };
		185FB19C2D96A1E00038890E /* EcommerceAppUITests.swift */ = {isa = PBXFileReference; lastKnownFileType = sourcecode.swift; path = EcommerceAppUITests.swift; sourceTree = "<group>"; };
		185FB19E2D96A1E00038890E /* EcommerceAppUITestsLaunchTests.swift */ = {isa = PBXFileReference; lastKnownFileType = sourcecode.swift; path = EcommerceAppUITestsLaunchTests.swift; sourceTree = "<group>"; };
/* End PBXFileReference section */

/* Begin PBXFrameworksBuildPhase section */
		185FB17B2D96A1DB0038890E /* Frameworks */ = {
			isa = PBXFrameworksBuildPhase;
			buildActionMask = 2147483647;
			files = (
			);
			runOnlyForDeploymentPostprocessing = 0;
		};
		185FB18B2D96A1E00038890E /* Frameworks */ = {
			isa = PBXFrameworksBuildPhase;
			buildActionMask = 2147483647;
			files = (
			);
			runOnlyForDeploymentPostprocessing = 0;
		};
		185FB1952D96A1E00038890E /* Frameworks */ = {
			isa = PBXFrameworksBuildPhase;
			buildActionMask = 2147483647;
			files = (
			);
			runOnlyForDeploymentPostprocessing = 0;
		};
/* End PBXFrameworksBuildPhase section */

/* Begin PBXGroup section */
		185FB1752D96A1DB0038890E = {
			isa = PBXGroup;
			children = (
				185FB1802D96A1DB0038890E /* EcommerceApp */,
				185FB1912D96A1E00038890E /* EcommerceAppTests */,
				185FB19B2D96A1E00038890E /* EcommerceAppUITests */,
				185FB17F2D96A1DB0038890E /* Products */,
			);
			sourceTree = "<group>";
		};
		185FB17F2D96A1DB0038890E /* Products */ = {
			isa = PBXGroup;
			children = (
				185FB17E2D96A1DB0038890E /* EcommerceApp.app */,
				185FB18E2D96A1E00038890E /* EcommerceAppTests.xctest */,
				185FB1982D96A1E00038890E /* EcommerceAppUITests.xctest */,
			);
			name = Products;
			sourceTree = "<group>";
		};
		185FB1802D96A1DB0038890E /* EcommerceApp */ = {
			isa = PBXGroup;
			children = (
				185FB1812D96A1DB0038890E /* EcommerceAppApp.swift */,
				185FB1832D96A1DB0038890E /* ContentView.swift */,
				185FB1852D96A1DF0038890E /* Assets.xcassets */,
				185FB1872D96A1DF0038890E /* Preview Content */,
			);
			path = EcommerceApp;
			sourceTree = "<group>";
		};
		185FB1872D96A1DF0038890E /* Preview Content */ = {
			isa = PBXGroup;
			children = (
				185FB1882D96A1DF0038890E /* Preview Assets.xcassets */,
			);
			path = "Preview Content";
			sourceTree = "<group>";
		};
		185FB1912D96A1E00038890E /* EcommerceAppTests */ = {
			isa = PBXGroup;
			children = (
				185FB1922D96A1E00038890E /* EcommerceAppTests.swift */,
			);
			path = EcommerceAppTests;
			sourceTree = "<group>";
		};
		185FB19B2D96A1E00038890E /* EcommerceAppUITests */ = {
			isa = PBXGroup;
			children = (
				185FB19C2D96A1E00038890E /* EcommerceAppUITests.swift */,
				185FB19E2D96A1E00038890E /* EcommerceAppUITestsLaunchTests.swift */,
			);
			path = EcommerceAppUITests;
			sourceTree = "<group>";
		};
/* End PBXGroup section */

/* Begin PBXNativeTarget section */
		185FB17D2D96A1DB0038890E /* EcommerceApp */ = {
			isa = PBXNativeTarget;
			buildConfigurationList = 185FB1A22D96A1E00038890E /* Build configuration list for PBXNativeTarget "EcommerceApp" */;
			buildPhases = (
				185FB17A2D96A1DB0038890E /* Sources */,
				185FB17B2D96A1DB0038890E /* Frameworks */,
				185FB17C2D96A1DB0038890E /* Resources */,
			);
			buildRules = (
			);
			dependencies = (
			);
			name = EcommerceApp;
			productName = EcommerceApp;
			productReference = 185FB17E2D96A1DB0038890E /* EcommerceApp.app */;
			productType = "com.apple.product-type.application";
		};
		185FB18D2D96A1E00038890E /* EcommerceAppTests */ = {
			isa = PBXNativeTarget;
			buildConfigurationList = 185FB1A52D96A1E00038890E /* Build configuration list for PBXNativeTarget "EcommerceAppTests" */;
			buildPhases = (
				185FB18A2D96A1E00038890E /* Sources */,
				185FB18B2D96A1E00038890E /* Frameworks */,
				185FB18C2D96A1E00038890E /* Resources */,
			);
			buildRules = (
			);
			dependencies = (
				185FB1902D96A1E00038890E /* PBXTargetDependency */,
			);
			name = EcommerceAppTests;
			productName = EcommerceAppTests;
			productReference = 185FB18E2D96A1E00038890E /* EcommerceAppTests.xctest */;
			productType = "com.apple.product-type.bundle.unit-test";
		};
		185FB1972D96A1E00038890E /* EcommerceAppUITests */ = {
			isa = PBXNativeTarget;
			buildConfigurationList = 185FB1A82D96A1E00038890E /* Build configuration list for PBXNativeTarget "EcommerceAppUITests" */;
			buildPhases = (
				185FB1942D96A1E00038890E /* Sources */,
				185FB1952D96A1E00038890E /* Frameworks */,
				185FB1962D96A1E00038890E /* Resources */,
			);
			buildRules = (
			);
			dependencies = (
				185FB19A2D96A1E00038890E /* PBXTargetDependency */,
			);
			name = EcommerceAppUITests;
			productName = EcommerceAppUITests;
			productReference = 185FB1982D96A1E00038890E /* EcommerceAppUITests.xctest */;
			productType = "com.apple.product-type.bundle.ui-testing";
		};
/* End PBXNativeTarget section */

/* Begin PBXProject section */
		185FB1762D96A1DB0038890E /* Project object */ = {
			isa = PBXProject;
			attributes = {
				BuildIndependentTargetsInParallel = 1;
				LastSwiftUpdateCheck = 1420;
				LastUpgradeCheck = 1420;
				TargetAttributes = {
					185FB17D2D96A1DB0038890E = {
						CreatedOnToolsVersion = 14.2;
					};
					185FB18D2D96A1E00038890E = {
						CreatedOnToolsVersion = 14.2;
						TestTargetID = 185FB17D2D96A1DB0038890E;
					};
					185FB1972D96A1E00038890E = {
						CreatedOnToolsVersion = 14.2;
						TestTargetID = 185FB17D2D96A1DB0038890E;
					};
				};
			};
			buildConfigurationList = 185FB1792D96A1DB0038890E /* Build configuration list for PBXProject "EcommerceApp" */;
			compatibilityVersion = "Xcode 14.0";
			developmentRegion = en;
			hasScannedForEncodings = 0;
			knownRegions = (
				en,
				Base,
			);
			mainGroup = 185FB1752D96A1DB0038890E;
			productRefGroup = 185FB17F2D96A1DB0038890E /* Products */;
			projectDirPath = "";
			projectRoot = "";
			targets = (
				185FB17D2D96A1DB0038890E /* EcommerceApp */,
				185FB18D2D96A1E00038890E /* EcommerceAppTests */,
				185FB1972D96A1E00038890E /* EcommerceAppUITests */,
			);
		};
/* End PBXProject section */

/* Begin PBXResourcesBuildPhase section */
		185FB17C2D96A1DB0038890E /* Resources */ = {
			isa = PBXResourcesBuildPhase;
			buildActionMask = 2147483647;
			files = (
				185FB1892D96A1DF0038890E /* Preview Assets.xcassets in Resources */,
				185FB1862D96A1DF0038890E /* Assets.xcassets in Resources */,
			);
			runOnlyForDeploymentPostprocessing = 0;
		};
		185FB18C2D96A1E00038890E /* Resources */ = {
			isa = PBXResourcesBuildPhase;
			buildActionMask = 2147483647;
			files = (
			);
			runOnlyForDeploymentPostprocessing = 0;
		};
		185FB1962D96A1E00038890E /* Resources */ = {
			isa = PBXResourcesBuildPhase;
			buildActionMask = 2147483647;
			files = (
			);
			runOnlyForDeploymentPostprocessing = 0;
		};
/* End PBXResourcesBuildPhase section */

/* Begin PBXSourcesBuildPhase section */
		185FB17A2D96A1DB0038890E /* Sources */ = {
			isa = PBXSourcesBuildPhase;
			buildActionMask = 2147483647;
			files = (
				185FB1842D96A1DB0038890E /* ContentView.swift in Sources */,
				185FB1822D96A1DB0038890E /* EcommerceAppApp.swift in Sources */,
			);
			runOnlyForDeploymentPostprocessing = 0;
		};
		185FB18A2D96A1E00038890E /* Sources */ = {
			isa = PBXSourcesBuildPhase;
			buildActionMask = 2147483647;
			files = (
				185FB1932D96A1E00038890E /* EcommerceAppTests.swift in Sources */,
			);
			runOnlyForDeploymentPostprocessing = 0;
		};
		185FB1942D96A1E00038890E /* Sources */ = {
			isa = PBXSourcesBuildPhase;
			buildActionMask = 2147483647;
			files = (
				185FB19D2D96A1E00038890E /* EcommerceAppUITests.swift in Sources */,
				185FB19F2D96A1E00038890E /* EcommerceAppUITestsLaunchTests.swift in Sources */,
			);
			runOnlyForDeploymentPostprocessing = 0;
		};
/* End PBXSourcesBuildPhase section */

/* Begin PBXTargetDependency section */
		185FB1902D96A1E00038890E /* PBXTargetDependency */ = {
			isa = PBXTargetDependency;
			target = 185FB17D2D96A1DB0038890E /* EcommerceApp */;
			targetProxy = 185FB18F2D96A1E00038890E /* PBXContainerItemProxy */;
		};
		185FB19A2D96A1E00038890E /* PBXTargetDependency */ = {
			isa = PBXTargetDependency;
			target = 185FB17D2D96A1DB0038890E /* EcommerceApp */;
			targetProxy = 185FB1992D96A1E00038890E /* PBXContainerItemProxy */;
		};
/* End PBXTargetDependency section */

/* Begin XCBuildConfiguration section */
		185FB1A02D96A1E00038890E /* Debug */ = {
			isa = XCBuildConfiguration;
			buildSettings = {
				ALWAYS_SEARCH_USER_PATHS = NO;
				CLANG_ANALYZER_NONNULL = YES;
				CLANG_ANALYZER_NUMBER_OBJECT_CONVERSION = YES_AGGRESSIVE;
				CLANG_CXX_LANGUAGE_STANDARD = "gnu++20";
				CLANG_ENABLE_MODULES = YES;
				CLANG_ENABLE_OBJC_ARC = YES;
				CLANG_ENABLE_OBJC_WEAK = YES;
				CLANG_WARN_BLOCK_CAPTURE_AUTORELEASING = YES;
				CLANG_WARN_BOOL_CONVERSION = YES;
				CLANG_WARN_COMMA = YES;
				CLANG_WARN_CONSTANT_CONVERSION = YES;
				CLANG_WARN_DEPRECATED_OBJC_IMPLEMENTATIONS = YES;
				CLANG_WARN_DIRECT_OBJC_ISA_USAGE = YES_ERROR;
				CLANG_WARN_DOCUMENTATION_COMMENTS = YES;
				CLANG_WARN_EMPTY_BODY = YES;
				CLANG_WARN_ENUM_CONVERSION = YES;
				CLANG_WARN_INFINITE_RECURSION = YES;
				CLANG_WARN_INT_CONVERSION = YES;
				CLANG_WARN_NON_LITERAL_NULL_CONVERSION = YES;
				CLANG_WARN_OBJC_IMPLICIT_RETAIN_SELF = YES;
				CLANG_WARN_OBJC_LITERAL_CONVERSION = YES;
				CLANG_WARN_OBJC_ROOT_CLASS = YES_ERROR;
				CLANG_WARN_QUOTED_INCLUDE_IN_FRAMEWORK_HEADER = YES;
				CLANG_WARN_RANGE_LOOP_ANALYSIS = YES;
				CLANG_WARN_STRICT_PROTOTYPES = YES;
				CLANG_WARN_SUSPICIOUS_MOVE = YES;
				CLANG_WARN_UNGUARDED_AVAILABILITY = YES_AGGRESSIVE;
				CLANG_WARN_UNREACHABLE_CODE = YES;
				CLANG_WARN__DUPLICATE_METHOD_MATCH = YES;
				COPY_PHASE_STRIP = NO;
				DEBUG_INFORMATION_FORMAT = dwarf;
				ENABLE_STRICT_OBJC_MSGSEND = YES;
				ENABLE_TESTABILITY = YES;
				GCC_C_LANGUAGE_STANDARD = gnu11;
				GCC_DYNAMIC_NO_PIC = NO;
				GCC_NO_COMMON_BLOCKS = YES;
				GCC_OPTIMIZATION_LEVEL = 0;
				GCC_PREPROCESSOR_DEFINITIONS = (
					"DEBUG=1",
					"$(inherited)",
				);
				GCC_WARN_64_TO_32_BIT_CONVERSION = YES;
				GCC_WARN_ABOUT_RETURN_TYPE = YES_ERROR;
				GCC_WARN_UNDECLARED_SELECTOR = YES;
				GCC_WARN_UNINITIALIZED_AUTOS = YES_AGGRESSIVE;
				GCC_WARN_UNUSED_FUNCTION = YES;
				GCC_WARN_UNUSED_VARIABLE = YES;
				IPHONEOS_DEPLOYMENT_TARGET = 16.2;
				MTL_ENABLE_DEBUG_INFO = INCLUDE_SOURCE;
				MTL_FAST_MATH = YES;
				ONLY_ACTIVE_ARCH = YES;
				SDKROOT = iphoneos;
				SWIFT_ACTIVE_COMPILATION_CONDITIONS = DEBUG;
				SWIFT_OPTIMIZATION_LEVEL = "-Onone";
			};
			name = Debug;
		};
		185FB1A12D96A1E00038890E /* Release */ = {
			isa = XCBuildConfiguration;
			buildSettings = {
				ALWAYS_SEARCH_USER_PATHS = NO;
				CLANG_ANALYZER_NONNULL = YES;
				CLANG_ANALYZER_NUMBER_OBJECT_CONVERSION = YES_AGGRESSIVE;
				CLANG_CXX_LANGUAGE_STANDARD = "gnu++20";
				CLANG_ENABLE_MODULES = YES;
				CLANG_ENABLE_OBJC_ARC = YES;
				CLANG_ENABLE_OBJC_WEAK = YES;
				CLANG_WARN_BLOCK_CAPTURE_AUTORELEASING = YES;
				CLANG_WARN_BOOL_CONVERSION = YES;
				CLANG_WARN_COMMA = YES;
				CLANG_WARN_CONSTANT_CONVERSION = YES;
				CLANG_WARN_DEPRECATED_OBJC_IMPLEMENTATIONS = YES;
				CLANG_WARN_DIRECT_OBJC_ISA_USAGE = YES_ERROR;
				CLANG_WARN_DOCUMENTATION_COMMENTS = YES;
				CLANG_WARN_EMPTY_BODY = YES;
				CLANG_WARN_ENUM_CONVERSION = YES;
				CLANG_WARN_INFINITE_RECURSION = YES;
				CLANG_WARN_INT_CONVERSION = YES;
				CLANG_WARN_NON_LITERAL_NULL_CONVERSION = YES;
				CLANG_WARN_OBJC_IMPLICIT_RETAIN_SELF = YES;
				CLANG_WARN_OBJC_LITERAL_CONVERSION = YES;
				CLANG_WARN_OBJC_ROOT_CLASS = YES_ERROR;
				CLANG_WARN_QUOTED_INCLUDE_IN_FRAMEWORK_HEADER = YES;
				CLANG_WARN_RANGE_LOOP_ANALYSIS = YES;
				CLANG_WARN_STRICT_PROTOTYPES = YES;
				CLANG_WARN_SUSPICIOUS_MOVE = YES;
				CLANG_WARN_UNGUARDED_AVAILABILITY = YES_AGGRESSIVE;
				CLANG_WARN_UNREACHABLE_CODE = YES;
				CLANG_WARN__DUPLICATE_METHOD_MATCH = YES;
				COPY_PHASE_STRIP = NO;
				DEBUG_INFORMATION_FORMAT = "dwarf-with-dsym";
				ENABLE_NS_ASSERTIONS = NO;
				ENABLE_STRICT_OBJC_MSGSEND = YES;
				GCC_C_LANGUAGE_STANDARD = gnu11;
				GCC_NO_COMMON_BLOCKS = YES;
				GCC_WARN_64_TO_32_BIT_CONVERSION = YES;
				GCC_WARN_ABOUT_RETURN_TYPE = YES_ERROR;
				GCC_WARN_UNDECLARED_SELECTOR = YES;
				GCC_WARN_UNINITIALIZED_AUTOS = YES_AGGRESSIVE;
				GCC_WARN_UNUSED_FUNCTION = YES;
				GCC_WARN_UNUSED_VARIABLE = YES;
				IPHONEOS_DEPLOYMENT_TARGET = 16.2;
				MTL_ENABLE_DEBUG_INFO = NO;
				MTL_FAST_MATH = YES;
				SDKROOT = iphoneos;
				SWIFT_COMPILATION_MODE = wholemodule;
				SWIFT_OPTIMIZATION_LEVEL = "-O";
				VALIDATE_PRODUCT = YES;
			};
			name = Release;
		};
		185FB1A32D96A1E00038890E /* Debug */ = {
			isa = XCBuildConfiguration;
			buildSettings = {
				ASSETCATALOG_COMPILER_APPICON_NAME = AppIcon;
				ASSETCATALOG_COMPILER_GLOBAL_ACCENT_COLOR_NAME = AccentColor;
				CODE_SIGN_STYLE = Automatic;
				CURRENT_PROJECT_VERSION = 1;
				DEVELOPMENT_ASSET_PATHS = "\"EcommerceApp/Preview Content\"";
				ENABLE_PREVIEWS = YES;
				GENERATE_INFOPLIST_FILE = YES;
				INFOPLIST_KEY_UIApplicationSceneManifest_Generation = YES;
				INFOPLIST_KEY_UIApplicationSupportsIndirectInputEvents = YES;
				INFOPLIST_KEY_UILaunchScreen_Generation = YES;
				INFOPLIST_KEY_UISupportedInterfaceOrientations_iPad = "UIInterfaceOrientationPortrait UIInterfaceOrientationPortraitUpsideDown UIInterfaceOrientationLandscapeLeft UIInterfaceOrientationLandscapeRight";
				INFOPLIST_KEY_UISupportedInterfaceOrientations_iPhone = "UIInterfaceOrientationPortrait UIInterfaceOrientationLandscapeLeft UIInterfaceOrientationLandscapeRight";
				LD_RUNPATH_SEARCH_PATHS = (
					"$(inherited)",
					"@executable_path/Frameworks",
				);
				MARKETING_VERSION = 1.0;
				PRODUCT_BUNDLE_IDENTIFIER = com.weatherford2345.EcommerceApp;
				PRODUCT_NAME = "$(TARGET_NAME)";
				SWIFT_EMIT_LOC_STRINGS = YES;
				SWIFT_VERSION = 5.0;
				TARGETED_DEVICE_FAMILY = "1,2";
			};
			name = Debug;
		};
		185FB1A42D96A1E00038890E /* Release */ = {
			isa = XCBuildConfiguration;
			buildSettings = {
				ASSETCATALOG_COMPILER_APPICON_NAME = AppIcon;
				ASSETCATALOG_COMPILER_GLOBAL_ACCENT_COLOR_NAME = AccentColor;
				CODE_SIGN_STYLE = Automatic;
				CURRENT_PROJECT_VERSION = 1;
				DEVELOPMENT_ASSET_PATHS = "\"EcommerceApp/Preview Content\"";
				ENABLE_PREVIEWS = YES;
				GENERATE_INFOPLIST_FILE = YES;
				INFOPLIST_KEY_UIApplicationSceneManifest_Generation = YES;
				INFOPLIST_KEY_UIApplicationSupportsIndirectInputEvents = YES;
				INFOPLIST_KEY_UILaunchScreen_Generation = YES;
				INFOPLIST_KEY_UISupportedInterfaceOrientations_iPad = "UIInterfaceOrientationPortrait UIInterfaceOrientationPortraitUpsideDown UIInterfaceOrientationLandscapeLeft UIInterfaceOrientationLandscapeRight";
				INFOPLIST_KEY_UISupportedInterfaceOrientations_iPhone = "UIInterfaceOrientationPortrait UIInterfaceOrientationLandscapeLeft UIInterfaceOrientationLandscapeRight";
				LD_RUNPATH_SEARCH_PATHS = (
					"$(inherited)",
					"@executable_path/Frameworks",
				);
				MARKETING_VERSION = 1.0;
				PRODUCT_BUNDLE_IDENTIFIER = com.weatherford2345.EcommerceApp;
				PRODUCT_NAME = "$(TARGET_NAME)";
				SWIFT_EMIT_LOC_STRINGS = YES;
				SWIFT_VERSION = 5.0;
				TARGETED_DEVICE_FAMILY = "1,2";
			};
			name = Release;
		};
		185FB1A62D96A1E00038890E /* Debug */ = {
			isa = XCBuildConfiguration;
			buildSettings = {
				ALWAYS_EMBED_SWIFT_STANDARD_LIBRARIES = YES;
				BUNDLE_LOADER = "$(TEST_HOST)";
				CODE_SIGN_STYLE = Automatic;
				CURRENT_PROJECT_VERSION = 1;
				GENERATE_INFOPLIST_FILE = YES;
				IPHONEOS_DEPLOYMENT_TARGET = 16.2;
				MARKETING_VERSION = 1.0;
				PRODUCT_BUNDLE_IDENTIFIER = com.weatherford2345.EcommerceAppTests;
				PRODUCT_NAME = "$(TARGET_NAME)";
				SWIFT_EMIT_LOC_STRINGS = NO;
				SWIFT_VERSION = 5.0;
				TARGETED_DEVICE_FAMILY = "1,2";
				TEST_HOST = "$(BUILT_PRODUCTS_DIR)/EcommerceApp.app/$(BUNDLE_EXECUTABLE_FOLDER_PATH)/EcommerceApp";
			};
			name = Debug;
		};
		185FB1A72D96A1E00038890E /* Release */ = {
			isa = XCBuildConfiguration;
			buildSettings = {
				ALWAYS_EMBED_SWIFT_STANDARD_LIBRARIES = YES;
				BUNDLE_LOADER = "$(TEST_HOST)";
				CODE_SIGN_STYLE = Automatic;
				CURRENT_PROJECT_VERSION = 1;
				GENERATE_INFOPLIST_FILE = YES;
				IPHONEOS_DEPLOYMENT_TARGET = 16.2;
				MARKETING_VERSION = 1.0;
				PRODUCT_BUNDLE_IDENTIFIER = com.weatherford2345.EcommerceAppTests;
				PRODUCT_NAME = "$(TARGET_NAME)";
				SWIFT_EMIT_LOC_STRINGS = NO;
				SWIFT_VERSION = 5.0;
				TARGETED_DEVICE_FAMILY = "1,2";
				TEST_HOST = "$(BUILT_PRODUCTS_DIR)/EcommerceApp.app/$(BUNDLE_EXECUTABLE_FOLDER_PATH)/EcommerceApp";
			};
			name = Release;
		};
		185FB1A92D96A1E00038890E /* Debug */ = {
			isa = XCBuildConfiguration;
			buildSettings = {
				ALWAYS_EMBED_SWIFT_STANDARD_LIBRARIES = YES;
				CODE_SIGN_STYLE = Automatic;
				CURRENT_PROJECT_VERSION = 1;
				GENERATE_INFOPLIST_FILE = YES;
				MARKETING_VERSION = 1.0;
				PRODUCT_BUNDLE_IDENTIFIER = com.weatherford2345.EcommerceAppUITests;
				PRODUCT_NAME = "$(TARGET_NAME)";
				SWIFT_EMIT_LOC_STRINGS = NO;
				SWIFT_VERSION = 5.0;
				TARGETED_DEVICE_FAMILY = "1,2";
				TEST_TARGET_NAME = EcommerceApp;
			};
			name = Debug;
		};
		185FB1AA2D96A1E00038890E /* Release */ = {
			isa = XCBuildConfiguration;
			buildSettings = {
				ALWAYS_EMBED_SWIFT_STANDARD_LIBRARIES = YES;
				CODE_SIGN_STYLE = Automatic;
				CURRENT_PROJECT_VERSION = 1;
				GENERATE_INFOPLIST_FILE = YES;
				MARKETING_VERSION = 1.0;
				PRODUCT_BUNDLE_IDENTIFIER = com.weatherford2345.EcommerceAppUITests;
				PRODUCT_NAME = "$(TARGET_NAME)";
				SWIFT_EMIT_LOC_STRINGS = NO;
				SWIFT_VERSION = 5.0;
				TARGETED_DEVICE_FAMILY = "1,2";
				TEST_TARGET_NAME = EcommerceApp;
			};
			name = Release;
		};
/* End XCBuildConfiguration section */

/* Begin XCConfigurationList section */
		185FB1792D96A1DB0038890E /* Build configuration list for PBXProject "EcommerceApp" */ = {
			isa = XCConfigurationList;
			buildConfigurations = (
				185FB1A02D96A1E00038890E /* Debug */,
				185FB1A12D96A1E00038890E /* Release */,
			);
			defaultConfigurationIsVisible = 0;
			defaultConfigurationName = Release;
		};
		185FB1A22D96A1E00038890E /* Build configuration list for PBXNativeTarget "EcommerceApp" */ = {
			isa = XCConfigurationList;
			buildConfigurations = (
				185FB1A32D96A1E00038890E /* Debug */,
				185FB1A42D96A1E00038890E /* Release */,
			);
			defaultConfigurationIsVisible = 0;
			defaultConfigurationName = Release;
		};
		185FB1A52D96A1E00038890E /* Build configuration list for PBXNativeTarget "EcommerceAppTests" */ = {
			isa = XCConfigurationList;
			buildConfigurations = (
				185FB1A62D96A1E00038890E /* Debug */,
				185FB1A72D96A1E00038890E /* Release */,
			);
			defaultConfigurationIsVisible = 0;
			defaultConfigurationName = Release;
		};
		185FB1A82D96A1E00038890E /* Build configuration list for PBXNativeTarget "EcommerceAppUITests" */ = {
			isa = XCConfigurationList;
			buildConfigurations = (
				185FB1A92D96A1E00038890E /* Debug */,
				185FB1AA2D96A1E00038890E /* Release */,
			);
			defaultConfigurationIsVisible = 0;
			defaultConfigurationName = Release;
		};
/* End XCConfigurationList section */
	};
	rootObject = 185FB1762D96A1DB0038890E /* Project object */;
}
